
Microsoft Visual Studio Solution File, Format Version 12.00
# Visual Studio Version 17
VisualStudioVersion = 17.7.34031.279
MinimumVisualStudioVersion = 10.0.40219.1
Project("{FAE04EC0-301F-11D3-BF4B-00C04F79EFBC}") = "WaterJugChallenge", "WaterJugChallenge\WaterJugChallenge.csproj", "{03C6C477-0F25-4B51-925A-A689E8EAB85E}"
EndProject
Global
	GlobalSection(SolutionConfigurationPlatforms) = preSolution
		Debug|Any CPU = Debug|Any CPU
		Release|Any CPU = Release|Any CPU
	EndGlobalSection
	GlobalSection(ProjectConfigurationPlatforms) = postSolution
		{03C6C477-0F25-4B51-925A-A689E8EAB85E}.Debug|Any CPU.ActiveCfg = Debug|Any CPU
		{03C6C477-0F25-4B51-925A-A689E8EAB85E}.Debug|Any CPU.Build.0 = Debug|Any CPU
		{03C6C477-0F25-4B51-925A-A689E8EAB85E}.Release|Any CPU.ActiveCfg = Release|Any CPU
		{03C6C477-0F25-4B51-925A-A689E8EAB85E}.Release|Any CPU.Build.0 = Release|Any CPU
	EndGlobalSection
	GlobalSection(SolutionProperties) = preSolution
		HideSolutionNode = FALSE
	EndGlobalSection
	GlobalSection(ExtensibilityGlobals) = postSolution
		SolutionGuid = {3673604C-E7D4-4249-971C-CF2975C37293}
	EndGlobalSection
EndGlobal
