
Microsoft Visual Studio Solution File, Format Version 12.00
# Visual Studio Version 17
VisualStudioVersion = 17.7.34031.279
MinimumVisualStudioVersion = 10.0.40219.1
Project("{9A19103F-16F7-4668-BE54-9A1E7A4F7556}") = "WaterJugChallenge", "WaterJugChallenge\WaterJugChallenge.csproj", "{03C6C477-0F25-4B51-925A-A689E8EAB85E}"
EndProject
Project("{9A19103F-16F7-4668-BE54-9A1E7A4F7556}") = "AppModels", "AppModels\AppModels.csproj", "{16E135D7-CD45-431B-BB45-42ED3F6AF77B}"
EndProject
Project("{9A19103F-16F7-4668-BE54-9A1E7A4F7556}") = "WaterJugChallenge.Tests", "WaterJugChallenge.Tests\WaterJugChallenge.Tests.csproj", "{EBAEDE9F-BC60-42B4-B0FB-D911031338C5}"
EndProject
Global
	GlobalSection(SolutionConfigurationPlatforms) = preSolution
		Debug|Any CPU = Debug|Any CPU
		Release|Any CPU = Release|Any CPU
	EndGlobalSection
	GlobalSection(ProjectConfigurationPlatforms) = postSolution
		{03C6C477-0F25-4B51-925A-A689E8EAB85E}.Debug|Any CPU.ActiveCfg = Debug|Any CPU
		{03C6C477-0F25-4B51-925A-A689E8EAB85E}.Debug|Any CPU.Build.0 = Debug|Any CPU
		{03C6C477-0F25-4B51-925A-A689E8EAB85E}.Release|Any CPU.ActiveCfg = Release|Any CPU
		{03C6C477-0F25-4B51-925A-A689E8EAB85E}.Release|Any CPU.Build.0 = Release|Any CPU
		{16E135D7-CD45-431B-BB45-42ED3F6AF77B}.Debug|Any CPU.ActiveCfg = Debug|Any CPU
		{16E135D7-CD45-431B-BB45-42ED3F6AF77B}.Debug|Any CPU.Build.0 = Debug|Any CPU
		{16E135D7-CD45-431B-BB45-42ED3F6AF77B}.Release|Any CPU.ActiveCfg = Release|Any CPU
		{16E135D7-CD45-431B-BB45-42ED3F6AF77B}.Release|Any CPU.Build.0 = Release|Any CPU
		{EBAEDE9F-BC60-42B4-B0FB-D911031338C5}.Debug|Any CPU.ActiveCfg = Debug|Any CPU
		{EBAEDE9F-BC60-42B4-B0FB-D911031338C5}.Debug|Any CPU.Build.0 = Debug|Any CPU
		{EBAEDE9F-BC60-42B4-B0FB-D911031338C5}.Release|Any CPU.ActiveCfg = Release|Any CPU
		{EBAEDE9F-BC60-42B4-B0FB-D911031338C5}.Release|Any CPU.Build.0 = Release|Any CPU
	EndGlobalSection
	GlobalSection(SolutionProperties) = preSolution
		HideSolutionNode = FALSE
	EndGlobalSection
	GlobalSection(ExtensibilityGlobals) = postSolution
		SolutionGuid = {3673604C-E7D4-4249-971C-CF2975C37293}
	EndGlobalSection
EndGlobal
